// !$*UTF8*$!
{
	archiveVersion = 1;
	classes = {
	};
	objectVersion = 55;
	objects = {

/* Begin PBXBuildFile section */
		7BAC9C6D282368D900DA9064 /* CWCUnitTestingApp.swift in Sources */ = {isa = PBXBuildFile; fileRef = 7BAC9C6C282368D900DA9064 /* CWCUnitTestingApp.swift */; };
		7BAC9C6F282368D900DA9064 /* ContentView.swift in Sources */ = {isa = PBXBuildFile; fileRef = 7BAC9C6E282368D900DA9064 /* ContentView.swift */; };
		7BAC9C71282368E300DA9064 /* Assets.xcassets in Resources */ = {isa = PBXBuildFile; fileRef = 7BAC9C70282368E300DA9064 /* Assets.xcassets */; };
		7BAC9C74282368E300DA9064 /* Preview Assets.xcassets in Resources */ = {isa = PBXBuildFile; fileRef = 7BAC9C73282368E300DA9064 /* Preview Assets.xcassets */; };
		7BAC9C7E282368E300DA9064 /* CWCUnitTestingTests.swift in Sources */ = {isa = PBXBuildFile; fileRef = 7BAC9C7D282368E300DA9064 /* CWCUnitTestingTests.swift */; };
		7BAC9C88282368E300DA9064 /* CWCUnitTestingUITests.swift in Sources */ = {isa = PBXBuildFile; fileRef = 7BAC9C87282368E300DA9064 /* CWCUnitTestingUITests.swift */; };
		7BAC9C8A282368E300DA9064 /* CWCUnitTestingUITestsLaunchTests.swift in Sources */ = {isa = PBXBuildFile; fileRef = 7BAC9C89282368E300DA9064 /* CWCUnitTestingUITestsLaunchTests.swift */; };
		7BAC9C9728236BEB00DA9064 /* SimpleMath.swift in Sources */ = {isa = PBXBuildFile; fileRef = 7BAC9C9628236BEB00DA9064 /* SimpleMath.swift */; };
/* End PBXBuildFile section */

/* Begin PBXContainerItemProxy section */
		7BAC9C7A282368E300DA9064 /* PBXContainerItemProxy */ = {
			isa = PBXContainerItemProxy;
			containerPortal = 7BAC9C61282368D900DA9064 /* Project object */;
			proxyType = 1;
			remoteGlobalIDString = 7BAC9C68282368D900DA9064;
			remoteInfo = CWCUnitTesting;
		};
		7BAC9C84282368E300DA9064 /* PBXContainerItemProxy */ = {
			isa = PBXContainerItemProxy;
			containerPortal = 7BAC9C61282368D900DA9064 /* Project object */;
			proxyType = 1;
			remoteGlobalIDString = 7BAC9C68282368D900DA9064;
			remoteInfo = CWCUnitTesting;
		};
/* End PBXContainerItemProxy section */

/* Begin PBXFileReference section */
		7BAC9C69282368D900DA9064 /* CWCUnitTesting.app */ = {isa = PBXFileReference; explicitFileType = wrapper.application; includeInIndex = 0; path = CWCUnitTesting.app; sourceTree = BUILT_PRODUCTS_DIR; };
		7BAC9C6C282368D900DA9064 /* CWCUnitTestingApp.swift */ = {isa = PBXFileReference; lastKnownFileType = sourcecode.swift; path = CWCUnitTestingApp.swift; sourceTree = "<group>"; };
		7BAC9C6E282368D900DA9064 /* ContentView.swift */ = {isa = PBXFileReference; lastKnownFileType = sourcecode.swift; path = ContentView.swift; sourceTree = "<group>"; };
		7BAC9C70282368E300DA9064 /* Assets.xcassets */ = {isa = PBXFileReference; lastKnownFileType = folder.assetcatalog; path = Assets.xcassets; sourceTree = "<group>"; };
		7BAC9C73282368E300DA9064 /* Preview Assets.xcassets */ = {isa = PBXFileReference; lastKnownFileType = folder.assetcatalog; path = "Preview Assets.xcassets"; sourceTree = "<group>"; };
		7BAC9C79282368E300DA9064 /* CWCUnitTestingTests.xctest */ = {isa = PBXFileReference; explicitFileType = wrapper.cfbundle; includeInIndex = 0; path = CWCUnitTestingTests.xctest; sourceTree = BUILT_PRODUCTS_DIR; };
		7BAC9C7D282368E300DA9064 /* CWCUnitTestingTests.swift */ = {isa = PBXFileReference; lastKnownFileType = sourcecode.swift; path = CWCUnitTestingTests.swift; sourceTree = "<group>"; };
		7BAC9C83282368E300DA9064 /* CWCUnitTestingUITests.xctest */ = {isa = PBXFileReference; explicitFileType = wrapper.cfbundle; includeInIndex = 0; path = CWCUnitTestingUITests.xctest; sourceTree = BUILT_PRODUCTS_DIR; };
		7BAC9C87282368E300DA9064 /* CWCUnitTestingUITests.swift */ = {isa = PBXFileReference; lastKnownFileType = sourcecode.swift; path = CWCUnitTestingUITests.swift; sourceTree = "<group>"; };
		7BAC9C89282368E300DA9064 /* CWCUnitTestingUITestsLaunchTests.swift */ = {isa = PBXFileReference; lastKnownFileType = sourcecode.swift; path = CWCUnitTestingUITestsLaunchTests.swift; sourceTree = "<group>"; };
		7BAC9C9628236BEB00DA9064 /* SimpleMath.swift */ = {isa = PBXFileReference; lastKnownFileType = sourcecode.swift; path = SimpleMath.swift; sourceTree = "<group>"; };
/* End PBXFileReference section */

/* Begin PBXFrameworksBuildPhase section */
		7BAC9C66282368D900DA9064 /* Frameworks */ = {
			isa = PBXFrameworksBuildPhase;
			buildActionMask = 2147483647;
			files = (
			);
			runOnlyForDeploymentPostprocessing = 0;
		};
		7BAC9C76282368E300DA9064 /* Frameworks */ = {
			isa = PBXFrameworksBuildPhase;
			buildActionMask = 2147483647;
			files = (
			);
			runOnlyForDeploymentPostprocessing = 0;
		};
		7BAC9C80282368E300DA9064 /* Frameworks */ = {
			isa = PBXFrameworksBuildPhase;
			buildActionMask = 2147483647;
			files = (
			);
			runOnlyForDeploymentPostprocessing = 0;
		};
/* End PBXFrameworksBuildPhase section */

/* Begin PBXGroup section */
		7BAC9C60282368D900DA9064 = {
			isa = PBXGroup;
			children = (
				7BAC9C6B282368D900DA9064 /* CWCUnitTesting */,
				7BAC9C7C282368E300DA9064 /* CWCUnitTestingTests */,
				7BAC9C86282368E300DA9064 /* CWCUnitTestingUITests */,
				7BAC9C6A282368D900DA9064 /* Products */,
			);
			sourceTree = "<group>";
		};
		7BAC9C6A282368D900DA9064 /* Products */ = {
			isa = PBXGroup;
			children = (
				7BAC9C69282368D900DA9064 /* CWCUnitTesting.app */,
				7BAC9C79282368E300DA9064 /* CWCUnitTestingTests.xctest */,
				7BAC9C83282368E300DA9064 /* CWCUnitTestingUITests.xctest */,
			);
			name = Products;
			sourceTree = "<group>";
		};
		7BAC9C6B282368D900DA9064 /* CWCUnitTesting */ = {
			isa = PBXGroup;
			children = (
				7BAC9C6C282368D900DA9064 /* CWCUnitTestingApp.swift */,
				7BAC9C6E282368D900DA9064 /* ContentView.swift */,
				7BAC9C70282368E300DA9064 /* Assets.xcassets */,
				7BAC9C72282368E300DA9064 /* Preview Content */,
				7BAC9C9628236BEB00DA9064 /* SimpleMath.swift */,
			);
			path = CWCUnitTesting;
			sourceTree = "<group>";
		};
		7BAC9C72282368E300DA9064 /* Preview Content */ = {
			isa = PBXGroup;
			children = (
				7BAC9C73282368E300DA9064 /* Preview Assets.xcassets */,
			);
			path = "Preview Content";
			sourceTree = "<group>";
		};
		7BAC9C7C282368E300DA9064 /* CWCUnitTestingTests */ = {
			isa = PBXGroup;
			children = (
				7BAC9C7D282368E300DA9064 /* CWCUnitTestingTests.swift */,
			);
			path = CWCUnitTestingTests;
			sourceTree = "<group>";
		};
		7BAC9C86282368E300DA9064 /* CWCUnitTestingUITests */ = {
			isa = PBXGroup;
			children = (
				7BAC9C87282368E300DA9064 /* CWCUnitTestingUITests.swift */,
				7BAC9C89282368E300DA9064 /* CWCUnitTestingUITestsLaunchTests.swift */,
			);
			path = CWCUnitTestingUITests;
			sourceTree = "<group>";
		};
/* End PBXGroup section */

/* Begin PBXNativeTarget section */
		7BAC9C68282368D900DA9064 /* CWCUnitTesting */ = {
			isa = PBXNativeTarget;
			buildConfigurationList = 7BAC9C8D282368E300DA9064 /* Build configuration list for PBXNativeTarget "CWCUnitTesting" */;
			buildPhases = (
				7BAC9C65282368D900DA9064 /* Sources */,
				7BAC9C66282368D900DA9064 /* Frameworks */,
				7BAC9C67282368D900DA9064 /* Resources */,
			);
			buildRules = (
			);
			dependencies = (
			);
			name = CWCUnitTesting;
			productName = CWCUnitTesting;
			productReference = 7BAC9C69282368D900DA9064 /* CWCUnitTesting.app */;
			productType = "com.apple.product-type.application";
		};
		7BAC9C78282368E300DA9064 /* CWCUnitTestingTests */ = {
			isa = PBXNativeTarget;
			buildConfigurationList = 7BAC9C90282368E400DA9064 /* Build configuration list for PBXNativeTarget "CWCUnitTestingTests" */;
			buildPhases = (
				7BAC9C75282368E300DA9064 /* Sources */,
				7BAC9C76282368E300DA9064 /* Frameworks */,
				7BAC9C77282368E300DA9064 /* Resources */,
			);
			buildRules = (
			);
			dependencies = (
				7BAC9C7B282368E300DA9064 /* PBXTargetDependency */,
			);
			name = CWCUnitTestingTests;
			productName = CWCUnitTestingTests;
			productReference = 7BAC9C79282368E300DA9064 /* CWCUnitTestingTests.xctest */;
			productType = "com.apple.product-type.bundle.unit-test";
		};
		7BAC9C82282368E300DA9064 /* CWCUnitTestingUITests */ = {
			isa = PBXNativeTarget;
			buildConfigurationList = 7BAC9C93282368E400DA9064 /* Build configuration list for PBXNativeTarget "CWCUnitTestingUITests" */;
			buildPhases = (
				7BAC9C7F282368E300DA9064 /* Sources */,
				7BAC9C80282368E300DA9064 /* Frameworks */,
				7BAC9C81282368E300DA9064 /* Resources */,
			);
			buildRules = (
			);
			dependencies = (
				7BAC9C85282368E300DA9064 /* PBXTargetDependency */,
			);
			name = CWCUnitTestingUITests;
			productName = CWCUnitTestingUITests;
			productReference = 7BAC9C83282368E300DA9064 /* CWCUnitTestingUITests.xctest */;
			productType = "com.apple.product-type.bundle.ui-testing";
		};
/* End PBXNativeTarget section */

/* Begin PBXProject section */
		7BAC9C61282368D900DA9064 /* Project object */ = {
			isa = PBXProject;
			attributes = {
				BuildIndependentTargetsInParallel = 1;
				LastSwiftUpdateCheck = 1330;
				LastUpgradeCheck = 1330;
				TargetAttributes = {
					7BAC9C68282368D900DA9064 = {
						CreatedOnToolsVersion = 13.3.1;
					};
					7BAC9C78282368E300DA9064 = {
						CreatedOnToolsVersion = 13.3.1;
						TestTargetID = 7BAC9C68282368D900DA9064;
					};
					7BAC9C82282368E300DA9064 = {
						CreatedOnToolsVersion = 13.3.1;
						TestTargetID = 7BAC9C68282368D900DA9064;
					};
				};
			};
			buildConfigurationList = 7BAC9C64282368D900DA9064 /* Build configuration list for PBXProject "CWCUnitTesting" */;
			compatibilityVersion = "Xcode 13.0";
			developmentRegion = en;
			hasScannedForEncodings = 0;
			knownRegions = (
				en,
				Base,
			);
			mainGroup = 7BAC9C60282368D900DA9064;
			productRefGroup = 7BAC9C6A282368D900DA9064 /* Products */;
			projectDirPath = "";
			projectRoot = "";
			targets = (
				7BAC9C68282368D900DA9064 /* CWCUnitTesting */,
				7BAC9C78282368E300DA9064 /* CWCUnitTestingTests */,
				7BAC9C82282368E300DA9064 /* CWCUnitTestingUITests */,
			);
		};
/* End PBXProject section */

/* Begin PBXResourcesBuildPhase section */
		7BAC9C67282368D900DA9064 /* Resources */ = {
			isa = PBXResourcesBuildPhase;
			buildActionMask = 2147483647;
			files = (
				7BAC9C74282368E300DA9064 /* Preview Assets.xcassets in Resources */,
				7BAC9C71282368E300DA9064 /* Assets.xcassets in Resources */,
			);
			runOnlyForDeploymentPostprocessing = 0;
		};
		7BAC9C77282368E300DA9064 /* Resources */ = {
			isa = PBXResourcesBuildPhase;
			buildActionMask = 2147483647;
			files = (
			);
			runOnlyForDeploymentPostprocessing = 0;
		};
		7BAC9C81282368E300DA9064 /* Resources */ = {
			isa = PBXResourcesBuildPhase;
			buildActionMask = 2147483647;
			files = (
			);
			runOnlyForDeploymentPostprocessing = 0;
		};
/* End PBXResourcesBuildPhase section */

/* Begin PBXSourcesBuildPhase section */
		7BAC9C65282368D900DA9064 /* Sources */ = {
			isa = PBXSourcesBuildPhase;
			buildActionMask = 2147483647;
			files = (
				7BAC9C9728236BEB00DA9064 /* SimpleMath.swift in Sources */,
				7BAC9C6F282368D900DA9064 /* ContentView.swift in Sources */,
				7BAC9C6D282368D900DA9064 /* CWCUnitTestingApp.swift in Sources */,
			);
			runOnlyForDeploymentPostprocessing = 0;
		};
		7BAC9C75282368E300DA9064 /* Sources */ = {
			isa = PBXSourcesBuildPhase;
			buildActionMask = 2147483647;
			files = (
				7BAC9C7E282368E300DA9064 /* CWCUnitTestingTests.swift in Sources */,
			);
			runOnlyForDeploymentPostprocessing = 0;
		};
		7BAC9C7F282368E300DA9064 /* Sources */ = {
			isa = PBXSourcesBuildPhase;
			buildActionMask = 2147483647;
			files = (
				7BAC9C88282368E300DA9064 /* CWCUnitTestingUITests.swift in Sources */,
				7BAC9C8A282368E300DA9064 /* CWCUnitTestingUITestsLaunchTests.swift in Sources */,
			);
			runOnlyForDeploymentPostprocessing = 0;
		};
/* End PBXSourcesBuildPhase section */

/* Begin PBXTargetDependency section */
		7BAC9C7B282368E300DA9064 /* PBXTargetDependency */ = {
			isa = PBXTargetDependency;
			target = 7BAC9C68282368D900DA9064 /* CWCUnitTesting */;
			targetProxy = 7BAC9C7A282368E300DA9064 /* PBXContainerItemProxy */;
		};
		7BAC9C85282368E300DA9064 /* PBXTargetDependency */ = {
			isa = PBXTargetDependency;
			target = 7BAC9C68282368D900DA9064 /* CWCUnitTesting */;
			targetProxy = 7BAC9C84282368E300DA9064 /* PBXContainerItemProxy */;
		};
/* End PBXTargetDependency section */

/* Begin XCBuildConfiguration section */
		7BAC9C8B282368E300DA9064 /* Debug */ = {
			isa = XCBuildConfiguration;
			buildSettings = {
				ALWAYS_SEARCH_USER_PATHS = NO;
				CLANG_ANALYZER_NONNULL = YES;
				CLANG_ANALYZER_NUMBER_OBJECT_CONVERSION = YES_AGGRESSIVE;
				CLANG_CXX_LANGUAGE_STANDARD = "gnu++17";
				CLANG_ENABLE_MODULES = YES;
				CLANG_ENABLE_OBJC_ARC = YES;
				CLANG_ENABLE_OBJC_WEAK = YES;
				CLANG_WARN_BLOCK_CAPTURE_AUTORELEASING = YES;
				CLANG_WARN_BOOL_CONVERSION = YES;
				CLANG_WARN_COMMA = YES;
				CLANG_WARN_CONSTANT_CONVERSION = YES;
				CLANG_WARN_DEPRECATED_OBJC_IMPLEMENTATIONS = YES;
				CLANG_WARN_DIRECT_OBJC_ISA_USAGE = YES_ERROR;
				CLANG_WARN_DOCUMENTATION_COMMENTS = YES;
				CLANG_WARN_EMPTY_BODY = YES;
				CLANG_WARN_ENUM_CONVERSION = YES;
				CLANG_WARN_INFINITE_RECURSION = YES;
				CLANG_WARN_INT_CONVERSION = YES;
				CLANG_WARN_NON_LITERAL_NULL_CONVERSION = YES;
				CLANG_WARN_OBJC_IMPLICIT_RETAIN_SELF = YES;
				CLANG_WARN_OBJC_LITERAL_CONVERSION = YES;
				CLANG_WARN_OBJC_ROOT_CLASS = YES_ERROR;
				CLANG_WARN_QUOTED_INCLUDE_IN_FRAMEWORK_HEADER = YES;
				CLANG_WARN_RANGE_LOOP_ANALYSIS = YES;
				CLANG_WARN_STRICT_PROTOTYPES = YES;
				CLANG_WARN_SUSPICIOUS_MOVE = YES;
				CLANG_WARN_UNGUARDED_AVAILABILITY = YES_AGGRESSIVE;
				CLANG_WARN_UNREACHABLE_CODE = YES;
				CLANG_WARN__DUPLICATE_METHOD_MATCH = YES;
				COPY_PHASE_STRIP = NO;
				DEBUG_INFORMATION_FORMAT = dwarf;
				ENABLE_STRICT_OBJC_MSGSEND = YES;
				ENABLE_TESTABILITY = YES;
				GCC_C_LANGUAGE_STANDARD = gnu11;
				GCC_DYNAMIC_NO_PIC = NO;
				GCC_NO_COMMON_BLOCKS = YES;
				GCC_OPTIMIZATION_LEVEL = 0;
				GCC_PREPROCESSOR_DEFINITIONS = (
					"DEBUG=1",
					"$(inherited)",
				);
				GCC_WARN_64_TO_32_BIT_CONVERSION = YES;
				GCC_WARN_ABOUT_RETURN_TYPE = YES_ERROR;
				GCC_WARN_UNDECLARED_SELECTOR = YES;
				GCC_WARN_UNINITIALIZED_AUTOS = YES_AGGRESSIVE;
				GCC_WARN_UNUSED_FUNCTION = YES;
				GCC_WARN_UNUSED_VARIABLE = YES;
				IPHONEOS_DEPLOYMENT_TARGET = 15.4;
				MTL_ENABLE_DEBUG_INFO = INCLUDE_SOURCE;
				MTL_FAST_MATH = YES;
				ONLY_ACTIVE_ARCH = YES;
				SDKROOT = iphoneos;
				SWIFT_ACTIVE_COMPILATION_CONDITIONS = DEBUG;
				SWIFT_OPTIMIZATION_LEVEL = "-Onone";
			};
			name = Debug;
		};
		7BAC9C8C282368E300DA9064 /* Release */ = {
			isa = XCBuildConfiguration;
			buildSettings = {
				ALWAYS_SEARCH_USER_PATHS = NO;
				CLANG_ANALYZER_NONNULL = YES;
				CLANG_ANALYZER_NUMBER_OBJECT_CONVERSION = YES_AGGRESSIVE;
				CLANG_CXX_LANGUAGE_STANDARD = "gnu++17";
				CLANG_ENABLE_MODULES = YES;
				CLANG_ENABLE_OBJC_ARC = YES;
				CLANG_ENABLE_OBJC_WEAK = YES;
				CLANG_WARN_BLOCK_CAPTURE_AUTORELEASING = YES;
				CLANG_WARN_BOOL_CONVERSION = YES;
				CLANG_WARN_COMMA = YES;
				CLANG_WARN_CONSTANT_CONVERSION = YES;
				CLANG_WARN_DEPRECATED_OBJC_IMPLEMENTATIONS = YES;
				CLANG_WARN_DIRECT_OBJC_ISA_USAGE = YES_ERROR;
				CLANG_WARN_DOCUMENTATION_COMMENTS = YES;
				CLANG_WARN_EMPTY_BODY = YES;
				CLANG_WARN_ENUM_CONVERSION = YES;
				CLANG_WARN_INFINITE_RECURSION = YES;
				CLANG_WARN_INT_CONVERSION = YES;
				CLANG_WARN_NON_LITERAL_NULL_CONVERSION = YES;
				CLANG_WARN_OBJC_IMPLICIT_RETAIN_SELF = YES;
				CLANG_WARN_OBJC_LITERAL_CONVERSION = YES;
				CLANG_WARN_OBJC_ROOT_CLASS = YES_ERROR;
				CLANG_WARN_QUOTED_INCLUDE_IN_FRAMEWORK_HEADER = YES;
				CLANG_WARN_RANGE_LOOP_ANALYSIS = YES;
				CLANG_WARN_STRICT_PROTOTYPES = YES;
				CLANG_WARN_SUSPICIOUS_MOVE = YES;
				CLANG_WARN_UNGUARDED_AVAILABILITY = YES_AGGRESSIVE;
				CLANG_WARN_UNREACHABLE_CODE = YES;
				CLANG_WARN__DUPLICATE_METHOD_MATCH = YES;
				COPY_PHASE_STRIP = NO;
				DEBUG_INFORMATION_FORMAT = "dwarf-with-dsym";
				ENABLE_NS_ASSERTIONS = NO;
				ENABLE_STRICT_OBJC_MSGSEND = YES;
				GCC_C_LANGUAGE_STANDARD = gnu11;
				GCC_NO_COMMON_BLOCKS = YES;
				GCC_WARN_64_TO_32_BIT_CONVERSION = YES;
				GCC_WARN_ABOUT_RETURN_TYPE = YES_ERROR;
				GCC_WARN_UNDECLARED_SELECTOR = YES;
				GCC_WARN_UNINITIALIZED_AUTOS = YES_AGGRESSIVE;
				GCC_WARN_UNUSED_FUNCTION = YES;
				GCC_WARN_UNUSED_VARIABLE = YES;
				IPHONEOS_DEPLOYMENT_TARGET = 15.4;
				MTL_ENABLE_DEBUG_INFO = NO;
				MTL_FAST_MATH = YES;
				SDKROOT = iphoneos;
				SWIFT_COMPILATION_MODE = wholemodule;
				SWIFT_OPTIMIZATION_LEVEL = "-O";
				VALIDATE_PRODUCT = YES;
			};
			name = Release;
		};
		7BAC9C8E282368E300DA9064 /* Debug */ = {
			isa = XCBuildConfiguration;
			buildSettings = {
				ASSETCATALOG_COMPILER_APPICON_NAME = AppIcon;
				ASSETCATALOG_COMPILER_GLOBAL_ACCENT_COLOR_NAME = AccentColor;
				CODE_SIGN_STYLE = Automatic;
				CURRENT_PROJECT_VERSION = 1;
				DEVELOPMENT_ASSET_PATHS = "\"CWCUnitTesting/Preview Content\"";
				DEVELOPMENT_TEAM = 9F7BXCAFA2;
				ENABLE_PREVIEWS = YES;
				GENERATE_INFOPLIST_FILE = YES;
				INFOPLIST_KEY_UIApplicationSceneManifest_Generation = YES;
				INFOPLIST_KEY_UIApplicationSupportsIndirectInputEvents = YES;
				INFOPLIST_KEY_UILaunchScreen_Generation = YES;
				INFOPLIST_KEY_UISupportedInterfaceOrientations_iPad = "UIInterfaceOrientationPortrait UIInterfaceOrientationPortraitUpsideDown UIInterfaceOrientationLandscapeLeft UIInterfaceOrientationLandscapeRight";
				INFOPLIST_KEY_UISupportedInterfaceOrientations_iPhone = "UIInterfaceOrientationPortrait UIInterfaceOrientationLandscapeLeft UIInterfaceOrientationLandscapeRight";
				LD_RUNPATH_SEARCH_PATHS = (
					"$(inherited)",
					"@executable_path/Frameworks",
				);
				MARKETING_VERSION = 1.0;
				PRODUCT_BUNDLE_IDENTIFIER = com.codewithkyo.CWCUnitTesting;
				PRODUCT_NAME = "$(TARGET_NAME)";
				SWIFT_EMIT_LOC_STRINGS = YES;
				SWIFT_VERSION = 5.0;
				TARGETED_DEVICE_FAMILY = "1,2";
			};
			name = Debug;
		};
		7BAC9C8F282368E300DA9064 /* Release */ = {
			isa = XCBuildConfiguration;
			buildSettings = {
				ASSETCATALOG_COMPILER_APPICON_NAME = AppIcon;
				ASSETCATALOG_COMPILER_GLOBAL_ACCENT_COLOR_NAME = AccentColor;
				CODE_SIGN_STYLE = Automatic;
				CURRENT_PROJECT_VERSION = 1;
				DEVELOPMENT_ASSET_PATHS = "\"CWCUnitTesting/Preview Content\"";
				DEVELOPMENT_TEAM = 9F7BXCAFA2;
				ENABLE_PREVIEWS = YES;
				GENERATE_INFOPLIST_FILE = YES;
				INFOPLIST_KEY_UIApplicationSceneManifest_Generation = YES;
				INFOPLIST_KEY_UIApplicationSupportsIndirectInputEvents = YES;
				INFOPLIST_KEY_UILaunchScreen_Generation = YES;
				INFOPLIST_KEY_UISupportedInterfaceOrientations_iPad = "UIInterfaceOrientationPortrait UIInterfaceOrientationPortraitUpsideDown UIInterfaceOrientationLandscapeLeft UIInterfaceOrientationLandscapeRight";
				INFOPLIST_KEY_UISupportedInterfaceOrientations_iPhone = "UIInterfaceOrientationPortrait UIInterfaceOrientationLandscapeLeft UIInterfaceOrientationLandscapeRight";
				LD_RUNPATH_SEARCH_PATHS = (
					"$(inherited)",
					"@executable_path/Frameworks",
				);
				MARKETING_VERSION = 1.0;
				PRODUCT_BUNDLE_IDENTIFIER = com.codewithkyo.CWCUnitTesting;
				PRODUCT_NAME = "$(TARGET_NAME)";
				SWIFT_EMIT_LOC_STRINGS = YES;
				SWIFT_VERSION = 5.0;
				TARGETED_DEVICE_FAMILY = "1,2";
			};
			name = Release;
		};
		7BAC9C91282368E400DA9064 /* Debug */ = {
			isa = XCBuildConfiguration;
			buildSettings = {
				ALWAYS_EMBED_SWIFT_STANDARD_LIBRARIES = YES;
				BUNDLE_LOADER = "$(TEST_HOST)";
				CODE_SIGN_STYLE = Automatic;
				CURRENT_PROJECT_VERSION = 1;
				DEVELOPMENT_TEAM = 9F7BXCAFA2;
				GENERATE_INFOPLIST_FILE = YES;
				IPHONEOS_DEPLOYMENT_TARGET = 15.4;
				MARKETING_VERSION = 1.0;
				PRODUCT_BUNDLE_IDENTIFIER = com.codewithkyo.CWCUnitTestingTests;
				PRODUCT_NAME = "$(TARGET_NAME)";
				SWIFT_EMIT_LOC_STRINGS = NO;
				SWIFT_VERSION = 5.0;
				TARGETED_DEVICE_FAMILY = "1,2";
				TEST_HOST = "$(BUILT_PRODUCTS_DIR)/CWCUnitTesting.app/CWCUnitTesting";
			};
			name = Debug;
		};
		7BAC9C92282368E400DA9064 /* Release */ = {
			isa = XCBuildConfiguration;
			buildSettings = {
				ALWAYS_EMBED_SWIFT_STANDARD_LIBRARIES = YES;
				BUNDLE_LOADER = "$(TEST_HOST)";
				CODE_SIGN_STYLE = Automatic;
				CURRENT_PROJECT_VERSION = 1;
				DEVELOPMENT_TEAM = 9F7BXCAFA2;
				GENERATE_INFOPLIST_FILE = YES;
				IPHONEOS_DEPLOYMENT_TARGET = 15.4;
				MARKETING_VERSION = 1.0;
				PRODUCT_BUNDLE_IDENTIFIER = com.codewithkyo.CWCUnitTestingTests;
				PRODUCT_NAME = "$(TARGET_NAME)";
				SWIFT_EMIT_LOC_STRINGS = NO;
				SWIFT_VERSION = 5.0;
				TARGETED_DEVICE_FAMILY = "1,2";
				TEST_HOST = "$(BUILT_PRODUCTS_DIR)/CWCUnitTesting.app/CWCUnitTesting";
			};
			name = Release;
		};
		7BAC9C94282368E400DA9064 /* Debug */ = {
			isa = XCBuildConfiguration;
			buildSettings = {
				ALWAYS_EMBED_SWIFT_STANDARD_LIBRARIES = YES;
				CODE_SIGN_STYLE = Automatic;
				CURRENT_PROJECT_VERSION = 1;
				DEVELOPMENT_TEAM = 9F7BXCAFA2;
				GENERATE_INFOPLIST_FILE = YES;
				MARKETING_VERSION = 1.0;
				PRODUCT_BUNDLE_IDENTIFIER = com.codewithkyo.CWCUnitTestingUITests;
				PRODUCT_NAME = "$(TARGET_NAME)";
				SWIFT_EMIT_LOC_STRINGS = NO;
				SWIFT_VERSION = 5.0;
				TARGETED_DEVICE_FAMILY = "1,2";
				TEST_TARGET_NAME = CWCUnitTesting;
			};
			name = Debug;
		};
		7BAC9C95282368E400DA9064 /* Release */ = {
			isa = XCBuildConfiguration;
			buildSettings = {
				ALWAYS_EMBED_SWIFT_STANDARD_LIBRARIES = YES;
				CODE_SIGN_STYLE = Automatic;
				CURRENT_PROJECT_VERSION = 1;
				DEVELOPMENT_TEAM = 9F7BXCAFA2;
				GENERATE_INFOPLIST_FILE = YES;
				MARKETING_VERSION = 1.0;
				PRODUCT_BUNDLE_IDENTIFIER = com.codewithkyo.CWCUnitTestingUITests;
				PRODUCT_NAME = "$(TARGET_NAME)";
				SWIFT_EMIT_LOC_STRINGS = NO;
				SWIFT_VERSION = 5.0;
				TARGETED_DEVICE_FAMILY = "1,2";
				TEST_TARGET_NAME = CWCUnitTesting;
			};
			name = Release;
		};
/* End XCBuildConfiguration section */

/* Begin XCConfigurationList section */
		7BAC9C64282368D900DA9064 /* Build configuration list for PBXProject "CWCUnitTesting" */ = {
			isa = XCConfigurationList;
			buildConfigurations = (
				7BAC9C8B282368E300DA9064 /* Debug */,
				7BAC9C8C282368E300DA9064 /* Release */,
			);
			defaultConfigurationIsVisible = 0;
			defaultConfigurationName = Release;
		};
		7BAC9C8D282368E300DA9064 /* Build configuration list for PBXNativeTarget "CWCUnitTesting" */ = {
			isa = XCConfigurationList;
			buildConfigurations = (
				7BAC9C8E282368E300DA9064 /* Debug */,
				7BAC9C8F282368E300DA9064 /* Release */,
			);
			defaultConfigurationIsVisible = 0;
			defaultConfigurationName = Release;
		};
		7BAC9C90282368E400DA9064 /* Build configuration list for PBXNativeTarget "CWCUnitTestingTests" */ = {
			isa = XCConfigurationList;
			buildConfigurations = (
				7BAC9C91282368E400DA9064 /* Debug */,
				7BAC9C92282368E400DA9064 /* Release */,
			);
			defaultConfigurationIsVisible = 0;
			defaultConfigurationName = Release;
		};
		7BAC9C93282368E400DA9064 /* Build configuration list for PBXNativeTarget "CWCUnitTestingUITests" */ = {
			isa = XCConfigurationList;
			buildConfigurations = (
				7BAC9C94282368E400DA9064 /* Debug */,
				7BAC9C95282368E400DA9064 /* Release */,
			);
			defaultConfigurationIsVisible = 0;
			defaultConfigurationName = Release;
		};
/* End XCConfigurationList section */
	};
	rootObject = 7BAC9C61282368D900DA9064 /* Project object */;
}
